
Microsoft Visual Studio Solution File, Format Version 12.00
# Visual Studio Version 16
VisualStudioVersion = 16.0.30002.166
MinimumVisualStudioVersion = 10.0.40219.1
Project("{FAE04EC0-301F-11D3-BF4B-00C04F79EFBC}") = "WebRegiones", "WebRegiones\WebRegiones.csproj", "{1CDD017D-F061-4E17-8066-4152FEA62ECE}"
EndProject
Global
	GlobalSection(SolutionConfigurationPlatforms) = preSolution
		Debug|Any CPU = Debug|Any CPU
		Release|Any CPU = Release|Any CPU
	EndGlobalSection
	GlobalSection(ProjectConfigurationPlatforms) = postSolution
		{1CDD017D-F061-4E17-8066-4152FEA62ECE}.Debug|Any CPU.ActiveCfg = Debug|Any CPU
		{1CDD017D-F061-4E17-8066-4152FEA62ECE}.Debug|Any CPU.Build.0 = Debug|Any CPU
		{1CDD017D-F061-4E17-8066-4152FEA62ECE}.Release|Any CPU.ActiveCfg = Release|Any CPU
		{1CDD017D-F061-4E17-8066-4152FEA62ECE}.Release|Any CPU.Build.0 = Release|Any CPU
	EndGlobalSection
	GlobalSection(SolutionProperties) = preSolution
		HideSolutionNode = FALSE
	EndGlobalSection
	GlobalSection(ExtensibilityGlobals) = postSolution
		SolutionGuid = {4F442CDA-9680-4DD8-A316-14966646EF0C}
	EndGlobalSection
EndGlobal
